
Microsoft Visual Studio Solution File, Format Version 12.00
# Visual Studio 2012
Project("{8BC9CEB8-8B4A-11D0-8D11-00A0C91BC942}") = "Assignement 1 - Artillery Game", "Assignement 1 - Artillery Game\Assignement 1 - Artillery Game.vcxproj", "{D49F9C19-26F4-4922-94C1-34611BB9C31E}"
EndProject
Global
	GlobalSection(SolutionConfigurationPlatforms) = preSolution
		Debug|Win32 = Debug|Win32
		Release|Win32 = Release|Win32
	EndGlobalSection
	GlobalSection(ProjectConfigurationPlatforms) = postSolution
		{D49F9C19-26F4-4922-94C1-34611BB9C31E}.Debug|Win32.ActiveCfg = Debug|Win32
		{D49F9C19-26F4-4922-94C1-34611BB9C31E}.Debug|Win32.Build.0 = Debug|Win32
		{D49F9C19-26F4-4922-94C1-34611BB9C31E}.Release|Win32.ActiveCfg = Release|Win32
		{D49F9C19-26F4-4922-94C1-34611BB9C31E}.Release|Win32.Build.0 = Release|Win32
	EndGlobalSection
	GlobalSection(SolutionProperties) = preSolution
		HideSolutionNode = FALSE
	EndGlobalSection
EndGlobal
